<Solution>
  <Project Path="LascodiaTradingEngine.API/LascodiaTradingEngine.API.csproj" />
  <Project Path="LascodiaTradingEngine.Application/LascodiaTradingEngine.Application.csproj" />
  <Project Path="LascodiaTradingEngine.Domain/LascodiaTradingEngine.Domain.csproj" />
  <Project Path="LascodiaTradingEngine.Infrastructure/LascodiaTradingEngine.Infrastructure.csproj" />
  <Project Path="LascodiaTradingEngine.IntegrationTest/LascodiaTradingEngine.IntegrationTest.csproj" />
  <Project Path="LascodiaTradingEngine.UnitTest/LascodiaTradingEngine.UnitTest.csproj" />
</Solution>
